
Microsoft Visual Studio Solution File, Format Version 12.00
# Visual Studio Version 16
VisualStudioVersion = 16.0.34601.136
MinimumVisualStudioVersion = 10.0.40219.1
Project("{FAE04EC0-301F-11D3-BF4B-00C04F79EFBC}") = "DATN", "DATN\DATN.csproj", "{CE1CC78A-D1ED-4D8E-8830-6EBBECE76BDB}"
EndProject
Global
	GlobalSection(SolutionConfigurationPlatforms) = preSolution
		Debug|Any CPU = Debug|Any CPU
		Release|Any CPU = Release|Any CPU
	EndGlobalSection
	GlobalSection(ProjectConfigurationPlatforms) = postSolution
		{CE1CC78A-D1ED-4D8E-8830-6EBBECE76BDB}.Debug|Any CPU.ActiveCfg = Debug|Any CPU
		{CE1CC78A-D1ED-4D8E-8830-6EBBECE76BDB}.Debug|Any CPU.Build.0 = Debug|Any CPU
		{CE1CC78A-D1ED-4D8E-8830-6EBBECE76BDB}.Release|Any CPU.ActiveCfg = Release|Any CPU
		{CE1CC78A-D1ED-4D8E-8830-6EBBECE76BDB}.Release|Any CPU.Build.0 = Release|Any CPU
	EndGlobalSection
	GlobalSection(SolutionProperties) = preSolution
		HideSolutionNode = FALSE
	EndGlobalSection
	GlobalSection(ExtensibilityGlobals) = postSolution
		SolutionGuid = {A1F8F258-D106-4E68-B935-E5E545EFA0BE}
	EndGlobalSection
EndGlobal
